// !$*UTF8*$!
{
	archiveVersion = 1;
	classes = {
	};
	objectVersion = 55;
	objects = {

/* Begin PBXBuildFile section */
		0401814B2A246937005D9D0D /* liblibloadviz_static.a in Frameworks */ = {isa = PBXBuildFile; fileRef = 040181492A2468E1005D9D0D /* liblibloadviz_static.a */; };
		0401814D2A246968005D9D0D /* libresolv.tbd in Frameworks */ = {isa = PBXBuildFile; fileRef = 0401814C2A246968005D9D0D /* libresolv.tbd */; };
		041918742A382ED600B45E9C /* main.swift in Sources */ = {isa = PBXBuildFile; fileRef = 041918732A382ED600B45E9C /* main.swift */; };
		0420FB262A35B199002528DD /* LoadVizView.swift in Sources */ = {isa = PBXBuildFile; fileRef = 04B614332A2465710027E03A /* LoadVizView.swift */; };
		0420FB272A35B1CB002528DD /* demoApp.swift in Sources */ = {isa = PBXBuildFile; fileRef = 04B614312A2465710027E03A /* demoApp.swift */; };
		043EEF9B2A382D3200766C43 /* AppDelegate.swift in Sources */ = {isa = PBXBuildFile; fileRef = 043EEF9A2A382D3200766C43 /* AppDelegate.swift */; };
		043EEF9F2A382D3300766C43 /* Assets.xcassets in Resources */ = {isa = PBXBuildFile; fileRef = 043EEF9E2A382D3300766C43 /* Assets.xcassets */; };
		0447DF402A397CF50043CEC3 /* liblibloadviz_static.a in Frameworks */ = {isa = PBXBuildFile; fileRef = 040181492A2468E1005D9D0D /* liblibloadviz_static.a */; };
		0447DF412A397CFC0043CEC3 /* libresolv.tbd in Frameworks */ = {isa = PBXBuildFile; fileRef = 0401814C2A246968005D9D0D /* libresolv.tbd */; };
		0447DF462A3B8E4B0043CEC3 /* README.md in Resources */ = {isa = PBXBuildFile; fileRef = 0447DF452A3B8E4B0043CEC3 /* README.md */; };
		0447DF4E2A3D94170043CEC3 /* AutoLauncher.swift in Sources */ = {isa = PBXBuildFile; fileRef = 0447DF4D2A3D94170043CEC3 /* AutoLauncher.swift */; };
		0447DF5C2A3D96DF0043CEC3 /* main.swift in Sources */ = {isa = PBXBuildFile; fileRef = 0447DF5B2A3D96DF0043CEC3 /* main.swift */; };
		0447DF5E2A3D97AB0043CEC3 /* LoadVizAutoLauncher.app in Bundle AutoLauncher */ = {isa = PBXBuildFile; fileRef = 0447DF4B2A3D94170043CEC3 /* LoadVizAutoLauncher.app */; settings = {ATTRIBUTES = (RemoveHeadersOnCopy, ); }; };
		0447DF602A3D97D90043CEC3 /* ServiceManagement.framework in Frameworks */ = {isa = PBXBuildFile; fileRef = 0447DF5F2A3D97D90043CEC3 /* ServiceManagement.framework */; platformFilter = maccatalyst; };
		04B614362A2465730027E03A /* Assets.xcassets in Resources */ = {isa = PBXBuildFile; fileRef = 04B614352A2465730027E03A /* Assets.xcassets */; };
		04B614392A2465730027E03A /* Preview Assets.xcassets in Resources */ = {isa = PBXBuildFile; fileRef = 04B614382A2465730027E03A /* Preview Assets.xcassets */; };
/* End PBXBuildFile section */

/* Begin PBXContainerItemProxy section */
		040181482A2468E1005D9D0D /* PBXContainerItemProxy */ = {
			isa = PBXContainerItemProxy;
			containerPortal = 040181442A2468E1005D9D0D /* libloadviz.xcodeproj */;
			proxyType = 2;
			remoteGlobalIDString = CA60476BBA0CF7DAC6A6A00E;
			remoteInfo = "libloadviz-staticlib";
		};
		0447DF3E2A397C940043CEC3 /* PBXContainerItemProxy */ = {
			isa = PBXContainerItemProxy;
			containerPortal = 040181442A2468E1005D9D0D /* libloadviz.xcodeproj */;
			proxyType = 1;
			remoteGlobalIDString = CA60476BBA0CD8C7CAC69D59;
			remoteInfo = "libloadviz-staticlib";
		};
		04C5DBB92A250CDF00B36A49 /* PBXContainerItemProxy */ = {
			isa = PBXContainerItemProxy;
			containerPortal = 040181442A2468E1005D9D0D /* libloadviz.xcodeproj */;
			proxyType = 1;
			remoteGlobalIDString = CA60476BBA0CD8C7CAC69D59;
			remoteInfo = "libloadviz-staticlib";
		};
		04F4879A2A43F40400DF8FAE /* PBXContainerItemProxy */ = {
			isa = PBXContainerItemProxy;
			containerPortal = 04B614262A2465710027E03A /* Project object */;
			proxyType = 1;
			remoteGlobalIDString = 0447DF4A2A3D94170043CEC3;
			remoteInfo = LoadVizAutoLauncher;
		};
/* End PBXContainerItemProxy section */

/* Begin PBXCopyFilesBuildPhase section */
		0447DF5D2A3D97860043CEC3 /* Bundle AutoLauncher */ = {
			isa = PBXCopyFilesBuildPhase;
			buildActionMask = 2147483647;
			dstPath = Contents/Library/LoginItems;
			dstSubfolderSpec = 1;
			files = (
				0447DF5E2A3D97AB0043CEC3 /* LoadVizAutoLauncher.app in Bundle AutoLauncher */,
			);
			name = "Bundle AutoLauncher";
			runOnlyForDeploymentPostprocessing = 0;
		};
/* End PBXCopyFilesBuildPhase section */

/* Begin PBXFileReference section */
		040181442A2468E1005D9D0D /* libloadviz.xcodeproj */ = {isa = PBXFileReference; lastKnownFileType = "wrapper.pb-project"; name = libloadviz.xcodeproj; path = ../libloadviz/libloadviz.xcodeproj; sourceTree = "<group>"; };
		0401814C2A246968005D9D0D /* libresolv.tbd */ = {isa = PBXFileReference; lastKnownFileType = "sourcecode.text-based-dylib-definition"; name = libresolv.tbd; path = usr/lib/libresolv.tbd; sourceTree = SDKROOT; };
		041918732A382ED600B45E9C /* main.swift */ = {isa = PBXFileReference; lastKnownFileType = sourcecode.swift; path = main.swift; sourceTree = "<group>"; };
		0420FB232A34D2F8002528DD /* libresolv.9.tbd */ = {isa = PBXFileReference; lastKnownFileType = "sourcecode.text-based-dylib-definition"; name = libresolv.9.tbd; path = usr/lib/libresolv.9.tbd; sourceTree = SDKROOT; };
		043EEF982A382D3200766C43 /* LoadViz.app */ = {isa = PBXFileReference; explicitFileType = wrapper.application; includeInIndex = 0; path = LoadViz.app; sourceTree = BUILT_PRODUCTS_DIR; };
		043EEF9A2A382D3200766C43 /* AppDelegate.swift */ = {isa = PBXFileReference; lastKnownFileType = sourcecode.swift; path = AppDelegate.swift; sourceTree = "<group>"; };
		043EEF9E2A382D3300766C43 /* Assets.xcassets */ = {isa = PBXFileReference; lastKnownFileType = folder.assetcatalog; path = Assets.xcassets; sourceTree = "<group>"; };
		043EEFA32A382D3300766C43 /* LoadViz.entitlements */ = {isa = PBXFileReference; lastKnownFileType = text.plist.entitlements; path = LoadViz.entitlements; sourceTree = "<group>"; };
		0447DF442A3985BA0043CEC3 /* Info.plist */ = {isa = PBXFileReference; lastKnownFileType = text.plist; path = Info.plist; sourceTree = "<group>"; };
		0447DF452A3B8E4B0043CEC3 /* README.md */ = {isa = PBXFileReference; fileEncoding = 4; lastKnownFileType = net.daringfireball.markdown; path = README.md; sourceTree = "<group>"; };
		0447DF4B2A3D94170043CEC3 /* LoadVizAutoLauncher.app */ = {isa = PBXFileReference; explicitFileType = wrapper.application; includeInIndex = 0; path = LoadVizAutoLauncher.app; sourceTree = BUILT_PRODUCTS_DIR; };
		0447DF4D2A3D94170043CEC3 /* AutoLauncher.swift */ = {isa = PBXFileReference; lastKnownFileType = sourcecode.swift; path = AutoLauncher.swift; sourceTree = "<group>"; };
		0447DF562A3D941B0043CEC3 /* AutoLauncher.entitlements */ = {isa = PBXFileReference; lastKnownFileType = text.plist.entitlements; path = AutoLauncher.entitlements; sourceTree = "<group>"; };
		0447DF5A2A3D947F0043CEC3 /* Info.plist */ = {isa = PBXFileReference; lastKnownFileType = text.plist; path = Info.plist; sourceTree = "<group>"; };
		0447DF5B2A3D96DF0043CEC3 /* main.swift */ = {isa = PBXFileReference; lastKnownFileType = sourcecode.swift; path = main.swift; sourceTree = "<group>"; };
		0447DF5F2A3D97D90043CEC3 /* ServiceManagement.framework */ = {isa = PBXFileReference; lastKnownFileType = wrapper.framework; name = ServiceManagement.framework; path = System/Library/Frameworks/ServiceManagement.framework; sourceTree = SDKROOT; };
		04B6142E2A2465710027E03A /* loadviz-demo.app */ = {isa = PBXFileReference; explicitFileType = wrapper.application; includeInIndex = 0; path = "loadviz-demo.app"; sourceTree = BUILT_PRODUCTS_DIR; };
		04B614312A2465710027E03A /* demoApp.swift */ = {isa = PBXFileReference; lastKnownFileType = sourcecode.swift; path = demoApp.swift; sourceTree = "<group>"; };
		04B614332A2465710027E03A /* LoadVizView.swift */ = {isa = PBXFileReference; lastKnownFileType = sourcecode.swift; path = LoadVizView.swift; sourceTree = "<group>"; };
		04B614352A2465730027E03A /* Assets.xcassets */ = {isa = PBXFileReference; lastKnownFileType = folder.assetcatalog; path = Assets.xcassets; sourceTree = "<group>"; };
		04B614382A2465730027E03A /* Preview Assets.xcassets */ = {isa = PBXFileReference; lastKnownFileType = folder.assetcatalog; path = "Preview Assets.xcassets"; sourceTree = "<group>"; };
		04F487932A42269A00DF8FAE /* set-plist-metadata.sh */ = {isa = PBXFileReference; lastKnownFileType = text.script.sh; path = "set-plist-metadata.sh"; sourceTree = "<group>"; };
		04F487992A43F0D800DF8FAE /* install.sh */ = {isa = PBXFileReference; lastKnownFileType = text.script.sh; path = install.sh; sourceTree = "<group>"; };
		04F4879C2A43F4CE00DF8FAE /* README.md */ = {isa = PBXFileReference; lastKnownFileType = net.daringfireball.markdown; path = README.md; sourceTree = "<group>"; };
/* End PBXFileReference section */

/* Begin PBXFrameworksBuildPhase section */
		043EEF952A382D3200766C43 /* Frameworks */ = {
			isa = PBXFrameworksBuildPhase;
			buildActionMask = 2147483647;
			files = (
				0447DF602A3D97D90043CEC3 /* ServiceManagement.framework in Frameworks */,
				0447DF412A397CFC0043CEC3 /* libresolv.tbd in Frameworks */,
				0447DF402A397CF50043CEC3 /* liblibloadviz_static.a in Frameworks */,
			);
			runOnlyForDeploymentPostprocessing = 0;
		};
		0447DF482A3D94170043CEC3 /* Frameworks */ = {
			isa = PBXFrameworksBuildPhase;
			buildActionMask = 2147483647;
			files = (
			);
			runOnlyForDeploymentPostprocessing = 0;
		};
		04B6142B2A2465710027E03A /* Frameworks */ = {
			isa = PBXFrameworksBuildPhase;
			buildActionMask = 2147483647;
			files = (
				0401814D2A246968005D9D0D /* libresolv.tbd in Frameworks */,
				0401814B2A246937005D9D0D /* liblibloadviz_static.a in Frameworks */,
			);
			runOnlyForDeploymentPostprocessing = 0;
		};
/* End PBXFrameworksBuildPhase section */

/* Begin PBXGroup section */
		040181452A2468E1005D9D0D /* Products */ = {
			isa = PBXGroup;
			children = (
				040181492A2468E1005D9D0D /* liblibloadviz_static.a */,
			);
			name = Products;
			sourceTree = "<group>";
		};
		0401814A2A246937005D9D0D /* Frameworks */ = {
			isa = PBXGroup;
			children = (
				0447DF5F2A3D97D90043CEC3 /* ServiceManagement.framework */,
				0420FB232A34D2F8002528DD /* libresolv.9.tbd */,
				0401814C2A246968005D9D0D /* libresolv.tbd */,
			);
			name = Frameworks;
			sourceTree = "<group>";
		};
		043EEF992A382D3200766C43 /* LoadViz */ = {
			isa = PBXGroup;
			children = (
				0447DF442A3985BA0043CEC3 /* Info.plist */,
				043EEF9A2A382D3200766C43 /* AppDelegate.swift */,
				041918732A382ED600B45E9C /* main.swift */,
				043EEF9E2A382D3300766C43 /* Assets.xcassets */,
				043EEFA32A382D3300766C43 /* LoadViz.entitlements */,
			);
			path = LoadViz;
			sourceTree = "<group>";
		};
		0447DF4C2A3D94170043CEC3 /* AutoLauncher */ = {
			isa = PBXGroup;
			children = (
				0447DF5A2A3D947F0043CEC3 /* Info.plist */,
				0447DF4D2A3D94170043CEC3 /* AutoLauncher.swift */,
				0447DF562A3D941B0043CEC3 /* AutoLauncher.entitlements */,
				0447DF5B2A3D96DF0043CEC3 /* main.swift */,
			);
			path = AutoLauncher;
			sourceTree = "<group>";
		};
		04B614252A2465710027E03A = {
			isa = PBXGroup;
			children = (
				04F487932A42269A00DF8FAE /* set-plist-metadata.sh */,
				04F487992A43F0D800DF8FAE /* install.sh */,
				04F4879C2A43F4CE00DF8FAE /* README.md */,
				04B614332A2465710027E03A /* LoadVizView.swift */,
				040181442A2468E1005D9D0D /* libloadviz.xcodeproj */,
				04B614302A2465710027E03A /* demoApp */,
				043EEF992A382D3200766C43 /* LoadViz */,
				0447DF4C2A3D94170043CEC3 /* AutoLauncher */,
				04B6142F2A2465710027E03A /* Products */,
				0401814A2A246937005D9D0D /* Frameworks */,
			);
			sourceTree = "<group>";
		};
		04B6142F2A2465710027E03A /* Products */ = {
			isa = PBXGroup;
			children = (
				04B6142E2A2465710027E03A /* loadviz-demo.app */,
				043EEF982A382D3200766C43 /* LoadViz.app */,
				0447DF4B2A3D94170043CEC3 /* LoadVizAutoLauncher.app */,
			);
			name = Products;
			sourceTree = "<group>";
		};
		04B614302A2465710027E03A /* demoApp */ = {
			isa = PBXGroup;
			children = (
				0447DF452A3B8E4B0043CEC3 /* README.md */,
				04B614312A2465710027E03A /* demoApp.swift */,
				04B614352A2465730027E03A /* Assets.xcassets */,
				04B614372A2465730027E03A /* Preview Content */,
			);
			path = demoApp;
			sourceTree = "<group>";
		};
		04B614372A2465730027E03A /* Preview Content */ = {
			isa = PBXGroup;
			children = (
				04B614382A2465730027E03A /* Preview Assets.xcassets */,
			);
			path = "Preview Content";
			sourceTree = "<group>";
		};
/* End PBXGroup section */

/* Begin PBXNativeTarget section */
		043EEF972A382D3200766C43 /* LoadViz */ = {
			isa = PBXNativeTarget;
			buildConfigurationList = 043EEFA62A382D3300766C43 /* Build configuration list for PBXNativeTarget "LoadViz" */;
			buildPhases = (
				043EEF942A382D3200766C43 /* Sources */,
				043EEF952A382D3200766C43 /* Frameworks */,
				043EEF962A382D3200766C43 /* Resources */,
				0447DF5D2A3D97860043CEC3 /* Bundle AutoLauncher */,
				04F487922A4225DE00DF8FAE /* Set Info.plist Metadata */,
			);
			buildRules = (
			);
			dependencies = (
				04F4879B2A43F40400DF8FAE /* PBXTargetDependency */,
				0447DF3F2A397C940043CEC3 /* PBXTargetDependency */,
			);
			name = LoadViz;
			productName = LoadViz;
			productReference = 043EEF982A382D3200766C43 /* LoadViz.app */;
			productType = "com.apple.product-type.application";
		};
		0447DF4A2A3D94170043CEC3 /* LoadVizAutoLauncher */ = {
			isa = PBXNativeTarget;
			buildConfigurationList = 0447DF572A3D941B0043CEC3 /* Build configuration list for PBXNativeTarget "LoadVizAutoLauncher" */;
			buildPhases = (
				0447DF472A3D94170043CEC3 /* Sources */,
				0447DF482A3D94170043CEC3 /* Frameworks */,
				0447DF492A3D94170043CEC3 /* Resources */,
			);
			buildRules = (
			);
			dependencies = (
			);
			name = LoadVizAutoLauncher;
			productName = AutoLauncher;
			productReference = 0447DF4B2A3D94170043CEC3 /* LoadVizAutoLauncher.app */;
			productType = "com.apple.product-type.application";
		};
		04B6142D2A2465710027E03A /* loadviz-demo */ = {
			isa = PBXNativeTarget;
			buildConfigurationList = 04B6143D2A2465730027E03A /* Build configuration list for PBXNativeTarget "loadviz-demo" */;
			buildPhases = (
				0420FAF72A27D965002528DD /* cargo build libloadviz */,
				04B6142A2A2465710027E03A /* Sources */,
				04B6142B2A2465710027E03A /* Frameworks */,
				04B6142C2A2465710027E03A /* Resources */,
			);
			buildRules = (
			);
			dependencies = (
				04C5DBBA2A250CDF00B36A49 /* PBXTargetDependency */,
			);
			name = "loadviz-demo";
			productName = loadviz;
			productReference = 04B6142E2A2465710027E03A /* loadviz-demo.app */;
			productType = "com.apple.product-type.application";
		};
/* End PBXNativeTarget section */

/* Begin PBXProject section */
		04B614262A2465710027E03A /* Project object */ = {
			isa = PBXProject;
			attributes = {
				BuildIndependentTargetsInParallel = 1;
				LastSwiftUpdateCheck = 1320;
				LastUpgradeCheck = 1320;
				TargetAttributes = {
					043EEF972A382D3200766C43 = {
						CreatedOnToolsVersion = 13.2.1;
					};
					0447DF4A2A3D94170043CEC3 = {
						CreatedOnToolsVersion = 13.2.1;
					};
					04B6142D2A2465710027E03A = {
						CreatedOnToolsVersion = 13.2.1;
					};
				};
			};
			buildConfigurationList = 04B614292A2465710027E03A /* Build configuration list for PBXProject "loadviz" */;
			compatibilityVersion = "Xcode 13.0";
			developmentRegion = en;
			hasScannedForEncodings = 0;
			knownRegions = (
				en,
				Base,
			);
			mainGroup = 04B614252A2465710027E03A;
			productRefGroup = 04B6142F2A2465710027E03A /* Products */;
			projectDirPath = "";
			projectReferences = (
				{
					ProductGroup = 040181452A2468E1005D9D0D /* Products */;
					ProjectRef = 040181442A2468E1005D9D0D /* libloadviz.xcodeproj */;
				},
			);
			projectRoot = "";
			targets = (
				04B6142D2A2465710027E03A /* loadviz-demo */,
				043EEF972A382D3200766C43 /* LoadViz */,
				0447DF4A2A3D94170043CEC3 /* LoadVizAutoLauncher */,
			);
		};
/* End PBXProject section */

/* Begin PBXReferenceProxy section */
		040181492A2468E1005D9D0D /* liblibloadviz_static.a */ = {
			isa = PBXReferenceProxy;
			fileType = archive.ar;
			path = liblibloadviz_static.a;
			remoteRef = 040181482A2468E1005D9D0D /* PBXContainerItemProxy */;
			sourceTree = BUILT_PRODUCTS_DIR;
		};
/* End PBXReferenceProxy section */

/* Begin PBXResourcesBuildPhase section */
		043EEF962A382D3200766C43 /* Resources */ = {
			isa = PBXResourcesBuildPhase;
			buildActionMask = 2147483647;
			files = (
				043EEF9F2A382D3300766C43 /* Assets.xcassets in Resources */,
			);
			runOnlyForDeploymentPostprocessing = 0;
		};
		0447DF492A3D94170043CEC3 /* Resources */ = {
			isa = PBXResourcesBuildPhase;
			buildActionMask = 2147483647;
			files = (
			);
			runOnlyForDeploymentPostprocessing = 0;
		};
		04B6142C2A2465710027E03A /* Resources */ = {
			isa = PBXResourcesBuildPhase;
			buildActionMask = 2147483647;
			files = (
				0447DF462A3B8E4B0043CEC3 /* README.md in Resources */,
				04B614392A2465730027E03A /* Preview Assets.xcassets in Resources */,
				04B614362A2465730027E03A /* Assets.xcassets in Resources */,
			);
			runOnlyForDeploymentPostprocessing = 0;
		};
/* End PBXResourcesBuildPhase section */

/* Begin PBXShellScriptBuildPhase section */
		0420FAF72A27D965002528DD /* cargo build libloadviz */ = {
			isa = PBXShellScriptBuildPhase;
			alwaysOutOfDate = 1;
			buildActionMask = 2147483647;
			files = (
			);
			inputFileListPaths = (
			);
			inputPaths = (
			);
			name = "cargo build libloadviz";
			outputFileListPaths = (
			);
			outputPaths = (
				"$(SWIFT_OBJC_BRIDGING_HEADER)",
			);
			runOnlyForDeploymentPostprocessing = 0;
			shellPath = /bin/sh;
			shellScript = "# Type a script or drag a script file from your workspace to insert its path.\n\ncd ../libloadviz\n\nif [ $CONFIGURATION = Release ] ; then\n  cargo build --release\nelse\n  cargo build\nfi\n\n# FIXME: This step can also update the library we're linking with,\n# should be added in the Output Files section below.\n";
		};
		04F487922A4225DE00DF8FAE /* Set Info.plist Metadata */ = {
			isa = PBXShellScriptBuildPhase;
			alwaysOutOfDate = 1;
			buildActionMask = 2147483647;
			files = (
			);
			inputFileListPaths = (
			);
			inputPaths = (
				"${TARGET_BUILD_DIR}/${INFOPLIST_PATH}",
			);
			name = "Set Info.plist Metadata";
			outputFileListPaths = (
			);
			outputPaths = (
			);
			runOnlyForDeploymentPostprocessing = 0;
			shellPath = /bin/sh;
			shellScript = "$SRCROOT/set-plist-metadata.sh\n";
		};
/* End PBXShellScriptBuildPhase section */

/* Begin PBXSourcesBuildPhase section */
		043EEF942A382D3200766C43 /* Sources */ = {
			isa = PBXSourcesBuildPhase;
			buildActionMask = 2147483647;
			files = (
				043EEF9B2A382D3200766C43 /* AppDelegate.swift in Sources */,
				041918742A382ED600B45E9C /* main.swift in Sources */,
			);
			runOnlyForDeploymentPostprocessing = 0;
		};
		0447DF472A3D94170043CEC3 /* Sources */ = {
			isa = PBXSourcesBuildPhase;
			buildActionMask = 2147483647;
			files = (
				0447DF5C2A3D96DF0043CEC3 /* main.swift in Sources */,
				0447DF4E2A3D94170043CEC3 /* AutoLauncher.swift in Sources */,
			);
			runOnlyForDeploymentPostprocessing = 0;
		};
		04B6142A2A2465710027E03A /* Sources */ = {
			isa = PBXSourcesBuildPhase;
			buildActionMask = 2147483647;
			files = (
				0420FB272A35B1CB002528DD /* demoApp.swift in Sources */,
				0420FB262A35B199002528DD /* LoadVizView.swift in Sources */,
			);
			runOnlyForDeploymentPostprocessing = 0;
		};
/* End PBXSourcesBuildPhase section */

/* Begin PBXTargetDependency section */
		0447DF3F2A397C940043CEC3 /* PBXTargetDependency */ = {
			isa = PBXTargetDependency;
			name = "libloadviz-staticlib";
			targetProxy = 0447DF3E2A397C940043CEC3 /* PBXContainerItemProxy */;
		};
		04C5DBBA2A250CDF00B36A49 /* PBXTargetDependency */ = {
			isa = PBXTargetDependency;
			name = "libloadviz-staticlib";
			targetProxy = 04C5DBB92A250CDF00B36A49 /* PBXContainerItemProxy */;
		};
		04F4879B2A43F40400DF8FAE /* PBXTargetDependency */ = {
			isa = PBXTargetDependency;
			target = 0447DF4A2A3D94170043CEC3 /* LoadVizAutoLauncher */;
			targetProxy = 04F4879A2A43F40400DF8FAE /* PBXContainerItemProxy */;
		};
/* End PBXTargetDependency section */

/* Begin XCBuildConfiguration section */
		043EEFA42A382D3300766C43 /* Debug */ = {
			isa = XCBuildConfiguration;
			buildSettings = {
				ASSETCATALOG_COMPILER_APPICON_NAME = AppIcon;
				ASSETCATALOG_COMPILER_GLOBAL_ACCENT_COLOR_NAME = AccentColor;
				CODE_SIGN_ENTITLEMENTS = LoadViz/LoadViz.entitlements;
				CODE_SIGN_STYLE = Automatic;
				COMBINE_HIDPI_IMAGES = YES;
				CURRENT_PROJECT_VERSION = 1;
				DEVELOPMENT_TEAM = 2S2W6DSANL;
				ENABLE_HARDENED_RUNTIME = YES;
				GENERATE_INFOPLIST_FILE = YES;
				INFOPLIST_FILE = LoadViz/Info.plist;
				INFOPLIST_KEY_LSApplicationCategoryType = "public.app-category.utilities";
				INFOPLIST_KEY_NSHumanReadableCopyright = "";
				INFOPLIST_KEY_NSMainStoryboardFile = "";
				INFOPLIST_KEY_NSPrincipalClass = NSApplication;
				LD_RUNPATH_SEARCH_PATHS = (
					"$(inherited)",
					"@executable_path/../Frameworks",
				);
				MARKETING_VERSION = 1.0;
				PRODUCT_BUNDLE_IDENTIFIER = com.gmail.walles.johan.LoadViz;
				PRODUCT_NAME = "$(TARGET_NAME)";
				SWIFT_EMIT_LOC_STRINGS = YES;
				SWIFT_OBJC_BRIDGING_HEADER = ../libloadviz/include/loadviz.h;
				SWIFT_VERSION = 5.0;
			};
			name = Debug;
		};
		043EEFA52A382D3300766C43 /* Release */ = {
			isa = XCBuildConfiguration;
			buildSettings = {
				ASSETCATALOG_COMPILER_APPICON_NAME = AppIcon;
				ASSETCATALOG_COMPILER_GLOBAL_ACCENT_COLOR_NAME = AccentColor;
				CODE_SIGN_ENTITLEMENTS = LoadViz/LoadViz.entitlements;
				CODE_SIGN_STYLE = Automatic;
				COMBINE_HIDPI_IMAGES = YES;
				CURRENT_PROJECT_VERSION = 1;
				DEVELOPMENT_TEAM = 2S2W6DSANL;
				ENABLE_HARDENED_RUNTIME = YES;
				GENERATE_INFOPLIST_FILE = YES;
				INFOPLIST_FILE = LoadViz/Info.plist;
				INFOPLIST_KEY_LSApplicationCategoryType = "public.app-category.utilities";
				INFOPLIST_KEY_NSHumanReadableCopyright = "";
				INFOPLIST_KEY_NSMainStoryboardFile = "";
				INFOPLIST_KEY_NSPrincipalClass = NSApplication;
				LD_RUNPATH_SEARCH_PATHS = (
					"$(inherited)",
					"@executable_path/../Frameworks",
				);
				MARKETING_VERSION = 1.0;
				PRODUCT_BUNDLE_IDENTIFIER = com.gmail.walles.johan.LoadViz;
				PRODUCT_NAME = "$(TARGET_NAME)";
				SWIFT_EMIT_LOC_STRINGS = YES;
				SWIFT_OBJC_BRIDGING_HEADER = ../libloadviz/include/loadviz.h;
				SWIFT_VERSION = 5.0;
			};
			name = Release;
		};
		0447DF582A3D941B0043CEC3 /* Debug */ = {
			isa = XCBuildConfiguration;
			buildSettings = {
				ASSETCATALOG_COMPILER_APPICON_NAME = AppIcon;
				ASSETCATALOG_COMPILER_GLOBAL_ACCENT_COLOR_NAME = AccentColor;
				CODE_SIGN_ENTITLEMENTS = AutoLauncher/AutoLauncher.entitlements;
				CODE_SIGN_STYLE = Automatic;
				COMBINE_HIDPI_IMAGES = YES;
				CURRENT_PROJECT_VERSION = 1;
				DEVELOPMENT_TEAM = 2S2W6DSANL;
				ENABLE_HARDENED_RUNTIME = YES;
				GENERATE_INFOPLIST_FILE = YES;
				INFOPLIST_FILE = AutoLauncher/Info.plist;
				INFOPLIST_KEY_NSHumanReadableCopyright = "";
				INFOPLIST_KEY_NSPrincipalClass = NSApplication;
				LD_RUNPATH_SEARCH_PATHS = (
					"$(inherited)",
					"@executable_path/../Frameworks",
				);
				MARKETING_VERSION = 1.0;
				PRODUCT_BUNDLE_IDENTIFIER = com.gmail.walles.johan.LoadVizAutoLauncher;
				PRODUCT_NAME = "$(TARGET_NAME)";
				SKIP_INSTALL = YES;
				SWIFT_EMIT_LOC_STRINGS = YES;
				SWIFT_VERSION = 5.0;
			};
			name = Debug;
		};
		0447DF592A3D941B0043CEC3 /* Release */ = {
			isa = XCBuildConfiguration;
			buildSettings = {
				ASSETCATALOG_COMPILER_APPICON_NAME = AppIcon;
				ASSETCATALOG_COMPILER_GLOBAL_ACCENT_COLOR_NAME = AccentColor;
				CODE_SIGN_ENTITLEMENTS = AutoLauncher/AutoLauncher.entitlements;
				CODE_SIGN_STYLE = Automatic;
				COMBINE_HIDPI_IMAGES = YES;
				CURRENT_PROJECT_VERSION = 1;
				DEVELOPMENT_TEAM = 2S2W6DSANL;
				ENABLE_HARDENED_RUNTIME = YES;
				GENERATE_INFOPLIST_FILE = YES;
				INFOPLIST_FILE = AutoLauncher/Info.plist;
				INFOPLIST_KEY_NSHumanReadableCopyright = "";
				INFOPLIST_KEY_NSPrincipalClass = NSApplication;
				LD_RUNPATH_SEARCH_PATHS = (
					"$(inherited)",
					"@executable_path/../Frameworks",
				);
				MARKETING_VERSION = 1.0;
				PRODUCT_BUNDLE_IDENTIFIER = com.gmail.walles.johan.LoadVizAutoLauncher;
				PRODUCT_NAME = "$(TARGET_NAME)";
				SKIP_INSTALL = YES;
				SWIFT_EMIT_LOC_STRINGS = YES;
				SWIFT_VERSION = 5.0;
			};
			name = Release;
		};
		04B6143B2A2465730027E03A /* Debug */ = {
			isa = XCBuildConfiguration;
			buildSettings = {
				ALWAYS_SEARCH_USER_PATHS = NO;
				CLANG_ANALYZER_NONNULL = YES;
				CLANG_ANALYZER_NUMBER_OBJECT_CONVERSION = YES_AGGRESSIVE;
				CLANG_CXX_LANGUAGE_STANDARD = "gnu++17";
				CLANG_CXX_LIBRARY = "libc++";
				CLANG_ENABLE_MODULES = YES;
				CLANG_ENABLE_OBJC_ARC = YES;
				CLANG_ENABLE_OBJC_WEAK = YES;
				CLANG_WARN_BLOCK_CAPTURE_AUTORELEASING = YES;
				CLANG_WARN_BOOL_CONVERSION = YES;
				CLANG_WARN_COMMA = YES;
				CLANG_WARN_CONSTANT_CONVERSION = YES;
				CLANG_WARN_DEPRECATED_OBJC_IMPLEMENTATIONS = YES;
				CLANG_WARN_DIRECT_OBJC_ISA_USAGE = YES_ERROR;
				CLANG_WARN_DOCUMENTATION_COMMENTS = YES;
				CLANG_WARN_EMPTY_BODY = YES;
				CLANG_WARN_ENUM_CONVERSION = YES;
				CLANG_WARN_INFINITE_RECURSION = YES;
				CLANG_WARN_INT_CONVERSION = YES;
				CLANG_WARN_NON_LITERAL_NULL_CONVERSION = YES;
				CLANG_WARN_OBJC_IMPLICIT_RETAIN_SELF = YES;
				CLANG_WARN_OBJC_LITERAL_CONVERSION = YES;
				CLANG_WARN_OBJC_ROOT_CLASS = YES_ERROR;
				CLANG_WARN_QUOTED_INCLUDE_IN_FRAMEWORK_HEADER = YES;
				CLANG_WARN_RANGE_LOOP_ANALYSIS = YES;
				CLANG_WARN_STRICT_PROTOTYPES = YES;
				CLANG_WARN_SUSPICIOUS_MOVE = YES;
				CLANG_WARN_UNGUARDED_AVAILABILITY = YES_AGGRESSIVE;
				CLANG_WARN_UNREACHABLE_CODE = YES;
				CLANG_WARN__DUPLICATE_METHOD_MATCH = YES;
				COPY_PHASE_STRIP = NO;
				DEBUG_INFORMATION_FORMAT = dwarf;
				ENABLE_STRICT_OBJC_MSGSEND = YES;
				ENABLE_TESTABILITY = YES;
				GCC_C_LANGUAGE_STANDARD = gnu11;
				GCC_DYNAMIC_NO_PIC = NO;
				GCC_NO_COMMON_BLOCKS = YES;
				GCC_OPTIMIZATION_LEVEL = 0;
				GCC_PREPROCESSOR_DEFINITIONS = (
					"DEBUG=1",
					"$(inherited)",
				);
				GCC_WARN_64_TO_32_BIT_CONVERSION = YES;
				GCC_WARN_ABOUT_RETURN_TYPE = YES_ERROR;
				GCC_WARN_UNDECLARED_SELECTOR = YES;
				GCC_WARN_UNINITIALIZED_AUTOS = YES_AGGRESSIVE;
				GCC_WARN_UNUSED_FUNCTION = YES;
				GCC_WARN_UNUSED_VARIABLE = YES;
				MACOSX_DEPLOYMENT_TARGET = 11.7;
				MTL_ENABLE_DEBUG_INFO = INCLUDE_SOURCE;
				MTL_FAST_MATH = YES;
				ONLY_ACTIVE_ARCH = YES;
				SDKROOT = macosx;
				SWIFT_ACTIVE_COMPILATION_CONDITIONS = DEBUG;
				SWIFT_OPTIMIZATION_LEVEL = "-Onone";
			};
			name = Debug;
		};
		04B6143C2A2465730027E03A /* Release */ = {
			isa = XCBuildConfiguration;
			buildSettings = {
				ALWAYS_SEARCH_USER_PATHS = NO;
				CLANG_ANALYZER_NONNULL = YES;
				CLANG_ANALYZER_NUMBER_OBJECT_CONVERSION = YES_AGGRESSIVE;
				CLANG_CXX_LANGUAGE_STANDARD = "gnu++17";
				CLANG_CXX_LIBRARY = "libc++";
				CLANG_ENABLE_MODULES = YES;
				CLANG_ENABLE_OBJC_ARC = YES;
				CLANG_ENABLE_OBJC_WEAK = YES;
				CLANG_WARN_BLOCK_CAPTURE_AUTORELEASING = YES;
				CLANG_WARN_BOOL_CONVERSION = YES;
				CLANG_WARN_COMMA = YES;
				CLANG_WARN_CONSTANT_CONVERSION = YES;
				CLANG_WARN_DEPRECATED_OBJC_IMPLEMENTATIONS = YES;
				CLANG_WARN_DIRECT_OBJC_ISA_USAGE = YES_ERROR;
				CLANG_WARN_DOCUMENTATION_COMMENTS = YES;
				CLANG_WARN_EMPTY_BODY = YES;
				CLANG_WARN_ENUM_CONVERSION = YES;
				CLANG_WARN_INFINITE_RECURSION = YES;
				CLANG_WARN_INT_CONVERSION = YES;
				CLANG_WARN_NON_LITERAL_NULL_CONVERSION = YES;
				CLANG_WARN_OBJC_IMPLICIT_RETAIN_SELF = YES;
				CLANG_WARN_OBJC_LITERAL_CONVERSION = YES;
				CLANG_WARN_OBJC_ROOT_CLASS = YES_ERROR;
				CLANG_WARN_QUOTED_INCLUDE_IN_FRAMEWORK_HEADER = YES;
				CLANG_WARN_RANGE_LOOP_ANALYSIS = YES;
				CLANG_WARN_STRICT_PROTOTYPES = YES;
				CLANG_WARN_SUSPICIOUS_MOVE = YES;
				CLANG_WARN_UNGUARDED_AVAILABILITY = YES_AGGRESSIVE;
				CLANG_WARN_UNREACHABLE_CODE = YES;
				CLANG_WARN__DUPLICATE_METHOD_MATCH = YES;
				COPY_PHASE_STRIP = NO;
				DEBUG_INFORMATION_FORMAT = "dwarf-with-dsym";
				ENABLE_NS_ASSERTIONS = NO;
				ENABLE_STRICT_OBJC_MSGSEND = YES;
				GCC_C_LANGUAGE_STANDARD = gnu11;
				GCC_NO_COMMON_BLOCKS = YES;
				GCC_WARN_64_TO_32_BIT_CONVERSION = YES;
				GCC_WARN_ABOUT_RETURN_TYPE = YES_ERROR;
				GCC_WARN_UNDECLARED_SELECTOR = YES;
				GCC_WARN_UNINITIALIZED_AUTOS = YES_AGGRESSIVE;
				GCC_WARN_UNUSED_FUNCTION = YES;
				GCC_WARN_UNUSED_VARIABLE = YES;
				MACOSX_DEPLOYMENT_TARGET = 11.7;
				MTL_ENABLE_DEBUG_INFO = NO;
				MTL_FAST_MATH = YES;
				SDKROOT = macosx;
				SWIFT_COMPILATION_MODE = wholemodule;
				SWIFT_OPTIMIZATION_LEVEL = "-O";
			};
			name = Release;
		};
		04B6143E2A2465730027E03A /* Debug */ = {
			isa = XCBuildConfiguration;
			buildSettings = {
				ASSETCATALOG_COMPILER_APPICON_NAME = AppIcon;
				ASSETCATALOG_COMPILER_GLOBAL_ACCENT_COLOR_NAME = AccentColor;
				CODE_SIGN_ENTITLEMENTS = demoApp/demoApp.entitlements;
				CODE_SIGN_STYLE = Automatic;
				COMBINE_HIDPI_IMAGES = YES;
				CURRENT_PROJECT_VERSION = 1;
				DEVELOPMENT_ASSET_PATHS = "demoApp/Preview\\ Content";
				DEVELOPMENT_TEAM = 2S2W6DSANL;
				ENABLE_HARDENED_RUNTIME = YES;
				ENABLE_PREVIEWS = YES;
				GENERATE_INFOPLIST_FILE = YES;
				INFOPLIST_KEY_NSHumanReadableCopyright = "";
				LD_RUNPATH_SEARCH_PATHS = (
					"$(inherited)",
					"@executable_path/../Frameworks",
				);
				MARKETING_VERSION = 1.0;
				PRODUCT_BUNDLE_IDENTIFIER = "com.gmail.walles.johan.loadviz-demo";
				PRODUCT_NAME = "$(TARGET_NAME)";
				SWIFT_EMIT_LOC_STRINGS = YES;
				SWIFT_OBJC_BRIDGING_HEADER = ../libloadviz/include/loadviz.h;
				SWIFT_VERSION = 5.0;
			};
			name = Debug;
		};
		04B6143F2A2465730027E03A /* Release */ = {
			isa = XCBuildConfiguration;
			buildSettings = {
				ASSETCATALOG_COMPILER_APPICON_NAME = AppIcon;
				ASSETCATALOG_COMPILER_GLOBAL_ACCENT_COLOR_NAME = AccentColor;
				CODE_SIGN_ENTITLEMENTS = demoApp/demoApp.entitlements;
				CODE_SIGN_STYLE = Automatic;
				COMBINE_HIDPI_IMAGES = YES;
				CURRENT_PROJECT_VERSION = 1;
				DEVELOPMENT_ASSET_PATHS = "demoApp/Preview\\ Content";
				DEVELOPMENT_TEAM = 2S2W6DSANL;
				ENABLE_HARDENED_RUNTIME = YES;
				ENABLE_PREVIEWS = YES;
				GENERATE_INFOPLIST_FILE = YES;
				INFOPLIST_KEY_NSHumanReadableCopyright = "";
				LD_RUNPATH_SEARCH_PATHS = (
					"$(inherited)",
					"@executable_path/../Frameworks",
				);
				MARKETING_VERSION = 1.0;
				PRODUCT_BUNDLE_IDENTIFIER = "com.gmail.walles.johan.loadviz-demo";
				PRODUCT_NAME = "$(TARGET_NAME)";
				SWIFT_EMIT_LOC_STRINGS = YES;
				SWIFT_OBJC_BRIDGING_HEADER = ../libloadviz/include/loadviz.h;
				SWIFT_VERSION = 5.0;
			};
			name = Release;
		};
/* End XCBuildConfiguration section */

/* Begin XCConfigurationList section */
		043EEFA62A382D3300766C43 /* Build configuration list for PBXNativeTarget "LoadViz" */ = {
			isa = XCConfigurationList;
			buildConfigurations = (
				043EEFA42A382D3300766C43 /* Debug */,
				043EEFA52A382D3300766C43 /* Release */,
			);
			defaultConfigurationIsVisible = 0;
			defaultConfigurationName = Release;
		};
		0447DF572A3D941B0043CEC3 /* Build configuration list for PBXNativeTarget "LoadVizAutoLauncher" */ = {
			isa = XCConfigurationList;
			buildConfigurations = (
				0447DF582A3D941B0043CEC3 /* Debug */,
				0447DF592A3D941B0043CEC3 /* Release */,
			);
			defaultConfigurationIsVisible = 0;
			defaultConfigurationName = Release;
		};
		04B614292A2465710027E03A /* Build configuration list for PBXProject "loadviz" */ = {
			isa = XCConfigurationList;
			buildConfigurations = (
				04B6143B2A2465730027E03A /* Debug */,
				04B6143C2A2465730027E03A /* Release */,
			);
			defaultConfigurationIsVisible = 0;
			defaultConfigurationName = Release;
		};
		04B6143D2A2465730027E03A /* Build configuration list for PBXNativeTarget "loadviz-demo" */ = {
			isa = XCConfigurationList;
			buildConfigurations = (
				04B6143E2A2465730027E03A /* Debug */,
				04B6143F2A2465730027E03A /* Release */,
			);
			defaultConfigurationIsVisible = 0;
			defaultConfigurationName = Release;
		};
/* End XCConfigurationList section */
	};
	rootObject = 04B614262A2465710027E03A /* Project object */;
}
